// !$*UTF8*$!
{
	archiveVersion = 1;
	classes = {
	};
	objectVersion = 77;
	objects = {

/* Begin PBXBuildFile section */
		A10000000000000000000001 /* VibeIslandWidget.swift in Sources */ = {isa = PBXBuildFile; fileRef = A20000000000000000000001 /* VibeIslandWidget.swift */; };
		A10000000000000000000002 /* WidgetStatusSnapshot.swift in Sources */ = {isa = PBXBuildFile; fileRef = A20000000000000000000002 /* WidgetStatusSnapshot.swift */; };
		A10000000000000000000005 /* DotMatrixText.swift in Sources */ = {isa = PBXBuildFile; fileRef = A20000000000000000000006 /* DotMatrixText.swift */; };
		A10000000000000000000003 /* WidgetKit.framework in Frameworks */ = {isa = PBXBuildFile; fileRef = A20000000000000000000003 /* WidgetKit.framework */; };
		A10000000000000000000004 /* SwiftUI.framework in Frameworks */ = {isa = PBXBuildFile; fileRef = A20000000000000000000004 /* SwiftUI.framework */; };
/* End PBXBuildFile section */

/* Begin PBXFileReference section */
		A20000000000000000000001 /* VibeIslandWidget.swift */ = {isa = PBXFileReference; lastKnownFileType = sourcecode.swift; name = VibeIslandWidget.swift; path = ../Sources/VibeIslandWidget/VibeIslandWidget.swift; sourceTree = "<group>"; };
		A20000000000000000000002 /* WidgetStatusSnapshot.swift */ = {isa = PBXFileReference; lastKnownFileType = sourcecode.swift; name = WidgetStatusSnapshot.swift; path = ../Sources/VibeIslandShared/WidgetStatusSnapshot.swift; sourceTree = "<group>"; };
		A20000000000000000000003 /* WidgetKit.framework */ = {isa = PBXFileReference; lastKnownFileType = wrapper.framework; name = WidgetKit.framework; path = System/Library/Frameworks/WidgetKit.framework; sourceTree = SDKROOT; };
		A20000000000000000000004 /* SwiftUI.framework */ = {isa = PBXFileReference; lastKnownFileType = wrapper.framework; name = SwiftUI.framework; path = System/Library/Frameworks/SwiftUI.framework; sourceTree = SDKROOT; };
		A20000000000000000000005 /* VibeIslandWidget.appex */ = {isa = PBXFileReference; explicitFileType = "wrapper.app-extension"; includeInIndex = 0; path = VibeIslandWidget.appex; sourceTree = BUILT_PRODUCTS_DIR; };
		A20000000000000000000006 /* DotMatrixText.swift */ = {isa = PBXFileReference; lastKnownFileType = sourcecode.swift; name = DotMatrixText.swift; path = ../Sources/VibeIsland/DotMatrixText.swift; sourceTree = "<group>"; };
/* End PBXFileReference section */

/* Begin PBXFrameworksBuildPhase section */
		A30000000000000000000001 /* Frameworks */ = {
			isa = PBXFrameworksBuildPhase;
			buildActionMask = 2147483647;
			files = (
				A10000000000000000000003 /* WidgetKit.framework in Frameworks */,
				A10000000000000000000004 /* SwiftUI.framework in Frameworks */,
			);
			runOnlyForDeploymentPostprocessing = 0;
		};
/* End PBXFrameworksBuildPhase section */

/* Begin PBXGroup section */
		A40000000000000000000001 = {
			isa = PBXGroup;
			children = (
				A40000000000000000000002 /* Sources */,
				A40000000000000000000003 /* Frameworks */,
				A40000000000000000000004 /* Products */,
			);
			sourceTree = "<group>";
		};
		A40000000000000000000002 /* Sources */ = {
			isa = PBXGroup;
			children = (
				A20000000000000000000001 /* VibeIslandWidget.swift */,
				A20000000000000000000002 /* WidgetStatusSnapshot.swift */,
				A20000000000000000000006 /* DotMatrixText.swift */,
			);
			name = Sources;
			sourceTree = "<group>";
		};
		A40000000000000000000003 /* Frameworks */ = {
			isa = PBXGroup;
			children = (
				A20000000000000000000003 /* WidgetKit.framework */,
				A20000000000000000000004 /* SwiftUI.framework */,
			);
			name = Frameworks;
			sourceTree = "<group>";
		};
		A40000000000000000000004 /* Products */ = {
			isa = PBXGroup;
			children = (
				A20000000000000000000005 /* VibeIslandWidget.appex */,
			);
			name = Products;
			sourceTree = "<group>";
		};
/* End PBXGroup section */

/* Begin PBXNativeTarget section */
		A50000000000000000000001 /* VibeIslandWidget */ = {
			isa = PBXNativeTarget;
			buildConfigurationList = A80000000000000000000002 /* Build configuration list for PBXNativeTarget "VibeIslandWidget" */;
			buildPhases = (
				A60000000000000000000001 /* Sources */,
				A30000000000000000000001 /* Frameworks */,
				A70000000000000000000001 /* Resources */,
			);
			buildRules = (
			);
			dependencies = (
			);
			name = VibeIslandWidget;
			productName = VibeIslandWidget;
			productReference = A20000000000000000000005 /* VibeIslandWidget.appex */;
			productType = "com.apple.product-type.app-extension";
		};
/* End PBXNativeTarget section */

/* Begin PBXProject section */
		A90000000000000000000001 /* Project object */ = {
			isa = PBXProject;
			attributes = {
				BuildIndependentTargetsInParallel = 1;
				LastSwiftUpdateCheck = 2660;
				LastUpgradeCheck = 2660;
				TargetAttributes = {
					A50000000000000000000001 = {
						CreatedOnToolsVersion = 26.6;
					};
				};
			};
			buildConfigurationList = A80000000000000000000001 /* Build configuration list for PBXProject "VibeIslandWidget" */;
			compatibilityVersion = "Xcode 16.0";
			developmentRegion = zh_CN;
			hasScannedForEncodings = 0;
			knownRegions = (
				Base,
				zh_CN,
			);
			mainGroup = A40000000000000000000001;
			productRefGroup = A40000000000000000000004 /* Products */;
			projectDirPath = "";
			projectRoot = "";
			targets = (
				A50000000000000000000001 /* VibeIslandWidget */,
			);
		};
/* End PBXProject section */

/* Begin PBXResourcesBuildPhase section */
		A70000000000000000000001 /* Resources */ = {
			isa = PBXResourcesBuildPhase;
			buildActionMask = 2147483647;
			files = (
			);
			runOnlyForDeploymentPostprocessing = 0;
		};
/* End PBXResourcesBuildPhase section */

/* Begin PBXSourcesBuildPhase section */
		A60000000000000000000001 /* Sources */ = {
			isa = PBXSourcesBuildPhase;
			buildActionMask = 2147483647;
			files = (
				A10000000000000000000001 /* VibeIslandWidget.swift in Sources */,
				A10000000000000000000002 /* WidgetStatusSnapshot.swift in Sources */,
				A10000000000000000000005 /* DotMatrixText.swift in Sources */,
			);
			runOnlyForDeploymentPostprocessing = 0;
		};
/* End PBXSourcesBuildPhase section */

/* Begin XCBuildConfiguration section */
		B00000000000000000000001 /* Debug */ = {
			isa = XCBuildConfiguration;
			buildSettings = {
				ALWAYS_SEARCH_USER_PATHS = NO;
				CLANG_ENABLE_MODULES = YES;
				MACOSX_DEPLOYMENT_TARGET = 14.0;
				SDKROOT = macosx;
				SWIFT_VERSION = 5.0;
			};
			name = Debug;
		};
		B00000000000000000000002 /* Release */ = {
			isa = XCBuildConfiguration;
			buildSettings = {
				ALWAYS_SEARCH_USER_PATHS = NO;
				CLANG_ENABLE_MODULES = YES;
				MACOSX_DEPLOYMENT_TARGET = 14.0;
				SDKROOT = macosx;
				SWIFT_COMPILATION_MODE = wholemodule;
				SWIFT_OPTIMIZATION_LEVEL = "-O";
				SWIFT_VERSION = 5.0;
			};
			name = Release;
		};
		B00000000000000000000003 /* Debug */ = {
			isa = XCBuildConfiguration;
			buildSettings = {
				APPLICATION_EXTENSION_API_ONLY = YES;
				ARCHS = arm64;
				CODE_SIGNING_ALLOWED = NO;
				CURRENT_PROJECT_VERSION = 12;
				DEAD_CODE_STRIPPING = YES;
				GENERATE_INFOPLIST_FILE = NO;
				INFOPLIST_FILE = ../Resources/WidgetInfo.plist;
				LD_RUNPATH_SEARCH_PATHS = "$(inherited) @executable_path/../Frameworks @executable_path/../../../../Frameworks";
				MACOSX_DEPLOYMENT_TARGET = 14.0;
				MARKETING_VERSION = 0.3.0;
				PRODUCT_BUNDLE_IDENTIFIER = com.vibecoding.vibeisland.widget;
				PRODUCT_NAME = "$(TARGET_NAME)";
				SKIP_INSTALL = YES;
				SWIFT_EMIT_LOC_STRINGS = YES;
				SWIFT_VERSION = 5.0;
			};
			name = Debug;
		};
		B00000000000000000000004 /* Release */ = {
			isa = XCBuildConfiguration;
			buildSettings = {
				APPLICATION_EXTENSION_API_ONLY = YES;
				ARCHS = arm64;
				CODE_SIGNING_ALLOWED = NO;
				COPY_PHASE_STRIP = NO;
				CURRENT_PROJECT_VERSION = 12;
				DEAD_CODE_STRIPPING = YES;
				GENERATE_INFOPLIST_FILE = NO;
				INFOPLIST_FILE = ../Resources/WidgetInfo.plist;
				LD_RUNPATH_SEARCH_PATHS = "$(inherited) @executable_path/../Frameworks @executable_path/../../../../Frameworks";
				MACOSX_DEPLOYMENT_TARGET = 14.0;
				MARKETING_VERSION = 0.3.0;
				PRODUCT_BUNDLE_IDENTIFIER = com.vibecoding.vibeisland.widget;
				PRODUCT_NAME = "$(TARGET_NAME)";
				SKIP_INSTALL = YES;
				STRIP_INSTALLED_PRODUCT = NO;
				SWIFT_EMIT_LOC_STRINGS = YES;
				SWIFT_VERSION = 5.0;
			};
			name = Release;
		};
/* End XCBuildConfiguration section */

/* Begin XCConfigurationList section */
		A80000000000000000000001 /* Build configuration list for PBXProject "VibeIslandWidget" */ = {
			isa = XCConfigurationList;
			buildConfigurations = (
				B00000000000000000000001 /* Debug */,
				B00000000000000000000002 /* Release */,
			);
			defaultConfigurationIsVisible = 0;
			defaultConfigurationName = Release;
		};
		A80000000000000000000002 /* Build configuration list for PBXNativeTarget "VibeIslandWidget" */ = {
			isa = XCConfigurationList;
			buildConfigurations = (
				B00000000000000000000003 /* Debug */,
				B00000000000000000000004 /* Release */,
			);
			defaultConfigurationIsVisible = 0;
			defaultConfigurationName = Release;
		};
/* End XCConfigurationList section */
	};
	rootObject = A90000000000000000000001 /* Project object */;
}
